// !$*UTF8*$!
{
	archiveVersion = 1;
	classes = {
	};
	objectVersion = 50;
	objects = {

/* Begin PBXBuildFile section */
		AFF11DB220C7EF63004A407E /* AppDelegate.swift in Sources */ = {isa = PBXBuildFile; fileRef = AFF11DB120C7EF63004A407E /* AppDelegate.swift */; };
		AFF11DB420C7EF63004A407E /* GameScene.sks in Resources */ = {isa = PBXBuildFile; fileRef = AFF11DB320C7EF63004A407E /* GameScene.sks */; };
		AFF11DB620C7EF63004A407E /* Actions.sks in Resources */ = {isa = PBXBuildFile; fileRef = AFF11DB520C7EF63004A407E /* Actions.sks */; };
		AFF11DB820C7EF63004A407E /* GameScene.swift in Sources */ = {isa = PBXBuildFile; fileRef = AFF11DB720C7EF63004A407E /* GameScene.swift */; };
		AFF11DBA20C7EF63004A407E /* GameViewController.swift in Sources */ = {isa = PBXBuildFile; fileRef = AFF11DB920C7EF63004A407E /* GameViewController.swift */; };
		AFF11DBD20C7EF63004A407E /* Main.storyboard in Resources */ = {isa = PBXBuildFile; fileRef = AFF11DBB20C7EF63004A407E /* Main.storyboard */; };
		AFF11DBF20C7EF65004A407E /* Assets.xcassets in Resources */ = {isa = PBXBuildFile; fileRef = AFF11DBE20C7EF65004A407E /* Assets.xcassets */; };
		AFF11DC220C7EF65004A407E /* LaunchScreen.storyboard in Resources */ = {isa = PBXBuildFile; fileRef = AFF11DC020C7EF65004A407E /* LaunchScreen.storyboard */; };
/* End PBXBuildFile section */

/* Begin PBXFileReference section */
		AFF11DAE20C7EF63004A407E /* MagicCircle.app */ = {isa = PBXFileReference; explicitFileType = wrapper.application; includeInIndex = 0; path = MagicCircle.app; sourceTree = BUILT_PRODUCTS_DIR; };
		AFF11DB120C7EF63004A407E /* AppDelegate.swift */ = {isa = PBXFileReference; lastKnownFileType = sourcecode.swift; path = AppDelegate.swift; sourceTree = "<group>"; };
		AFF11DB320C7EF63004A407E /* GameScene.sks */ = {isa = PBXFileReference; lastKnownFileType = file.sks; path = GameScene.sks; sourceTree = "<group>"; };
		AFF11DB520C7EF63004A407E /* Actions.sks */ = {isa = PBXFileReference; lastKnownFileType = file.sks; path = Actions.sks; sourceTree = "<group>"; };
		AFF11DB720C7EF63004A407E /* GameScene.swift */ = {isa = PBXFileReference; lastKnownFileType = sourcecode.swift; path = GameScene.swift; sourceTree = "<group>"; };
		AFF11DB920C7EF63004A407E /* GameViewController.swift */ = {isa = PBXFileReference; lastKnownFileType = sourcecode.swift; path = GameViewController.swift; sourceTree = "<group>"; };
		AFF11DBC20C7EF63004A407E /* Base */ = {isa = PBXFileReference; lastKnownFileType = file.storyboard; name = Base; path = Base.lproj/Main.storyboard; sourceTree = "<group>"; };
		AFF11DBE20C7EF65004A407E /* Assets.xcassets */ = {isa = PBXFileReference; lastKnownFileType = folder.assetcatalog; path = Assets.xcassets; sourceTree = "<group>"; };
		AFF11DC120C7EF65004A407E /* Base */ = {isa = PBXFileReference; lastKnownFileType = file.storyboard; name = Base; path = Base.lproj/LaunchScreen.storyboard; sourceTree = "<group>"; };
		AFF11DC320C7EF65004A407E /* Info.plist */ = {isa = PBXFileReference; lastKnownFileType = text.plist.xml; path = Info.plist; sourceTree = "<group>"; };
/* End PBXFileReference section */

/* Begin PBXFrameworksBuildPhase section */
		AFF11DAB20C7EF63004A407E /* Frameworks */ = {
			isa = PBXFrameworksBuildPhase;
			buildActionMask = 2147483647;
			files = (
			);
			runOnlyForDeploymentPostprocessing = 0;
		};
/* End PBXFrameworksBuildPhase section */

/* Begin PBXGroup section */
		AFF11DA520C7EF63004A407E = {
			isa = PBXGroup;
			children = (
				AFF11DB020C7EF63004A407E /* MagicCircle */,
				AFF11DAF20C7EF63004A407E /* Products */,
			);
			sourceTree = "<group>";
		};
		AFF11DAF20C7EF63004A407E /* Products */ = {
			isa = PBXGroup;
			children = (
				AFF11DAE20C7EF63004A407E /* MagicCircle.app */,
			);
			name = Products;
			sourceTree = "<group>";
		};
		AFF11DB020C7EF63004A407E /* MagicCircle */ = {
			isa = PBXGroup;
			children = (
				AFF11DB120C7EF63004A407E /* AppDelegate.swift */,
				AFF11DB320C7EF63004A407E /* GameScene.sks */,
				AFF11DB520C7EF63004A407E /* Actions.sks */,
				AFF11DB720C7EF63004A407E /* GameScene.swift */,
				AFF11DB920C7EF63004A407E /* GameViewController.swift */,
				AFF11DBB20C7EF63004A407E /* Main.storyboard */,
				AFF11DBE20C7EF65004A407E /* Assets.xcassets */,
				AFF11DC020C7EF65004A407E /* LaunchScreen.storyboard */,
				AFF11DC320C7EF65004A407E /* Info.plist */,
			);
			path = MagicCircle;
			sourceTree = "<group>";
		};
/* End PBXGroup section */

/* Begin PBXNativeTarget section */
		AFF11DAD20C7EF63004A407E /* MagicCircle */ = {
			isa = PBXNativeTarget;
			buildConfigurationList = AFF11DC620C7EF65004A407E /* Build configuration list for PBXNativeTarget "MagicCircle" */;
			buildPhases = (
				AFF11DAA20C7EF63004A407E /* Sources */,
				AFF11DAB20C7EF63004A407E /* Frameworks */,
				AFF11DAC20C7EF63004A407E /* Resources */,
			);
			buildRules = (
			);
			dependencies = (
			);
			name = MagicCircle;
			productName = MagicCircle;
			productReference = AFF11DAE20C7EF63004A407E /* MagicCircle.app */;
			productType = "com.apple.product-type.application";
		};
/* End PBXNativeTarget section */

/* Begin PBXProject section */
		AFF11DA620C7EF63004A407E /* Project object */ = {
			isa = PBXProject;
			attributes = {
				LastSwiftUpdateCheck = 0940;
				LastUpgradeCheck = 0940;
				ORGANIZATIONNAME = "Wayne Yeh";
				TargetAttributes = {
					AFF11DAD20C7EF63004A407E = {
						CreatedOnToolsVersion = 9.4;
					};
				};
			};
			buildConfigurationList = AFF11DA920C7EF63004A407E /* Build configuration list for PBXProject "MagicCircle" */;
			compatibilityVersion = "Xcode 9.3";
			developmentRegion = en;
			hasScannedForEncodings = 0;
			knownRegions = (
				en,
				Base,
			);
			mainGroup = AFF11DA520C7EF63004A407E;
			productRefGroup = AFF11DAF20C7EF63004A407E /* Products */;
			projectDirPath = "";
			projectRoot = "";
			targets = (
				AFF11DAD20C7EF63004A407E /* MagicCircle */,
			);
		};
/* End PBXProject section */

/* Begin PBXResourcesBuildPhase section */
		AFF11DAC20C7EF63004A407E /* Resources */ = {
			isa = PBXResourcesBuildPhase;
			buildActionMask = 2147483647;
			files = (
				AFF11DBD20C7EF63004A407E /* Main.storyboard in Resources */,
				AFF11DB420C7EF63004A407E /* GameScene.sks in Resources */,
				AFF11DBF20C7EF65004A407E /* Assets.xcassets in Resources */,
				AFF11DC220C7EF65004A407E /* LaunchScreen.storyboard in Resources */,
				AFF11DB620C7EF63004A407E /* Actions.sks in Resources */,
			);
			runOnlyForDeploymentPostprocessing = 0;
		};
/* End PBXResourcesBuildPhase section */

/* Begin PBXSourcesBuildPhase section */
		AFF11DAA20C7EF63004A407E /* Sources */ = {
			isa = PBXSourcesBuildPhase;
			buildActionMask = 2147483647;
			files = (
				AFF11DB820C7EF63004A407E /* GameScene.swift in Sources */,
				AFF11DBA20C7EF63004A407E /* GameViewController.swift in Sources */,
				AFF11DB220C7EF63004A407E /* AppDelegate.swift in Sources */,
			);
			runOnlyForDeploymentPostprocessing = 0;
		};
/* End PBXSourcesBuildPhase section */

/* Begin PBXVariantGroup section */
		AFF11DBB20C7EF63004A407E /* Main.storyboard */ = {
			isa = PBXVariantGroup;
			children = (
				AFF11DBC20C7EF63004A407E /* Base */,
			);
			name = Main.storyboard;
			sourceTree = "<group>";
		};
		AFF11DC020C7EF65004A407E /* LaunchScreen.storyboard */ = {
			isa = PBXVariantGroup;
			children = (
				AFF11DC120C7EF65004A407E /* Base */,
			);
			name = LaunchScreen.storyboard;
			sourceTree = "<group>";
		};
/* End PBXVariantGroup section */

/* Begin XCBuildConfiguration section */
		AFF11DC420C7EF65004A407E /* Debug */ = {
			isa = XCBuildConfiguration;
			buildSettings = {
				ALWAYS_SEARCH_USER_PATHS = NO;
				CLANG_ANALYZER_NONNULL = YES;
				CLANG_ANALYZER_NUMBER_OBJECT_CONVERSION = YES_AGGRESSIVE;
				CLANG_CXX_LANGUAGE_STANDARD = "gnu++14";
				CLANG_CXX_LIBRARY = "libc++";
				CLANG_ENABLE_MODULES = YES;
				CLANG_ENABLE_OBJC_ARC = YES;
				CLANG_ENABLE_OBJC_WEAK = YES;
				CLANG_WARN_BLOCK_CAPTURE_AUTORELEASING = YES;
				CLANG_WARN_BOOL_CONVERSION = YES;
				CLANG_WARN_COMMA = YES;
				CLANG_WARN_CONSTANT_CONVERSION = YES;
				CLANG_WARN_DEPRECATED_OBJC_IMPLEMENTATIONS = YES;
				CLANG_WARN_DIRECT_OBJC_ISA_USAGE = YES_ERROR;
				CLANG_WARN_DOCUMENTATION_COMMENTS = YES;
				CLANG_WARN_EMPTY_BODY = YES;
				CLANG_WARN_ENUM_CONVERSION = YES;
				CLANG_WARN_INFINITE_RECURSION = YES;
				CLANG_WARN_INT_CONVERSION = YES;
				CLANG_WARN_NON_LITERAL_NULL_CONVERSION = YES;
				CLANG_WARN_OBJC_IMPLICIT_RETAIN_SELF = YES;
				CLANG_WARN_OBJC_LITERAL_CONVERSION = YES;
				CLANG_WARN_OBJC_ROOT_CLASS = YES_ERROR;
				CLANG_WARN_RANGE_LOOP_ANALYSIS = YES;
				CLANG_WARN_STRICT_PROTOTYPES = YES;
				CLANG_WARN_SUSPICIOUS_MOVE = YES;
				CLANG_WARN_UNGUARDED_AVAILABILITY = YES_AGGRESSIVE;
				CLANG_WARN_UNREACHABLE_CODE = YES;
				CLANG_WARN__DUPLICATE_METHOD_MATCH = YES;
				CODE_SIGN_IDENTITY = "iPhone Developer";
				COPY_PHASE_STRIP = NO;
				DEBUG_INFORMATION_FORMAT = dwarf;
				ENABLE_STRICT_OBJC_MSGSEND = YES;
				ENABLE_TESTABILITY = YES;
				GCC_C_LANGUAGE_STANDARD = gnu11;
				GCC_DYNAMIC_NO_PIC = NO;
				GCC_NO_COMMON_BLOCKS = YES;
				GCC_OPTIMIZATION_LEVEL = 0;
				GCC_PREPROCESSOR_DEFINITIONS = (
					"DEBUG=1",
					"$(inherited)",
				);
				GCC_WARN_64_TO_32_BIT_CONVERSION = YES;
				GCC_WARN_ABOUT_RETURN_TYPE = YES_ERROR;
				GCC_WARN_UNDECLARED_SELECTOR = YES;
				GCC_WARN_UNINITIALIZED_AUTOS = YES_AGGRESSIVE;
				GCC_WARN_UNUSED_FUNCTION = YES;
				GCC_WARN_UNUSED_VARIABLE = YES;
				IPHONEOS_DEPLOYMENT_TARGET = 11.4;
				MTL_ENABLE_DEBUG_INFO = YES;
				ONLY_ACTIVE_ARCH = YES;
				SDKROOT = iphoneos;
				SWIFT_ACTIVE_COMPILATION_CONDITIONS = DEBUG;
				SWIFT_OPTIMIZATION_LEVEL = "-Onone";
			};
			name = Debug;
		};
		AFF11DC520C7EF65004A407E /* Release */ = {
			isa = XCBuildConfiguration;
			buildSettings = {
				ALWAYS_SEARCH_USER_PATHS = NO;
				CLANG_ANALYZER_NONNULL = YES;
				CLANG_ANALYZER_NUMBER_OBJECT_CONVERSION = YES_AGGRESSIVE;
				CLANG_CXX_LANGUAGE_STANDARD = "gnu++14";
				CLANG_CXX_LIBRARY = "libc++";
				CLANG_ENABLE_MODULES = YES;
				CLANG_ENABLE_OBJC_ARC = YES;
				CLANG_ENABLE_OBJC_WEAK = YES;
				CLANG_WARN_BLOCK_CAPTURE_AUTORELEASING = YES;
				CLANG_WARN_BOOL_CONVERSION = YES;
				CLANG_WARN_COMMA = YES;
				CLANG_WARN_CONSTANT_CONVERSION = YES;
				CLANG_WARN_DEPRECATED_OBJC_IMPLEMENTATIONS = YES;
				CLANG_WARN_DIRECT_OBJC_ISA_USAGE = YES_ERROR;
				CLANG_WARN_DOCUMENTATION_COMMENTS = YES;
				CLANG_WARN_EMPTY_BODY = YES;
				CLANG_WARN_ENUM_CONVERSION = YES;
				CLANG_WARN_INFINITE_RECURSION = YES;
				CLANG_WARN_INT_CONVERSION = YES;
				CLANG_WARN_NON_LITERAL_NULL_CONVERSION = YES;
				CLANG_WARN_OBJC_IMPLICIT_RETAIN_SELF = YES;
				CLANG_WARN_OBJC_LITERAL_CONVERSION = YES;
				CLANG_WARN_OBJC_ROOT_CLASS = YES_ERROR;
				CLANG_WARN_RANGE_LOOP_ANALYSIS = YES;
				CLANG_WARN_STRICT_PROTOTYPES = YES;
				CLANG_WARN_SUSPICIOUS_MOVE = YES;
				CLANG_WARN_UNGUARDED_AVAILABILITY = YES_AGGRESSIVE;
				CLANG_WARN_UNREACHABLE_CODE = YES;
				CLANG_WARN__DUPLICATE_METHOD_MATCH = YES;
				CODE_SIGN_IDENTITY = "iPhone Developer";
				COPY_PHASE_STRIP = NO;
				DEBUG_INFORMATION_FORMAT = "dwarf-with-dsym";
				ENABLE_NS_ASSERTIONS = NO;
				ENABLE_STRICT_OBJC_MSGSEND = YES;
				GCC_C_LANGUAGE_STANDARD = gnu11;
				GCC_NO_COMMON_BLOCKS = YES;
				GCC_WARN_64_TO_32_BIT_CONVERSION = YES;
				GCC_WARN_ABOUT_RETURN_TYPE = YES_ERROR;
				GCC_WARN_UNDECLARED_SELECTOR = YES;
				GCC_WARN_UNINITIALIZED_AUTOS = YES_AGGRESSIVE;
				GCC_WARN_UNUSED_FUNCTION = YES;
				GCC_WARN_UNUSED_VARIABLE = YES;
				IPHONEOS_DEPLOYMENT_TARGET = 11.4;
				MTL_ENABLE_DEBUG_INFO = NO;
				SDKROOT = iphoneos;
				SWIFT_COMPILATION_MODE = wholemodule;
				SWIFT_OPTIMIZATION_LEVEL = "-O";
				VALIDATE_PRODUCT = YES;
			};
			name = Release;
		};
		AFF11DC720C7EF65004A407E /* Debug */ = {
			isa = XCBuildConfiguration;
			buildSettings = {
				ASSETCATALOG_COMPILER_APPICON_NAME = AppIcon;
				CODE_SIGN_STYLE = Automatic;
				DEVELOPMENT_TEAM = ZRU74Q6CGE;
				INFOPLIST_FILE = MagicCircle/Info.plist;
				LD_RUNPATH_SEARCH_PATHS = (
					"$(inherited)",
					"@executable_path/Frameworks",
				);
				PRODUCT_BUNDLE_IDENTIFIER = com.github.yycking.MagicCircle;
				PRODUCT_NAME = "$(TARGET_NAME)";
				SWIFT_VERSION = 4.0;
				TARGETED_DEVICE_FAMILY = "1,2";
			};
			name = Debug;
		};
		AFF11DC820C7EF65004A407E /* Release */ = {
			isa = XCBuildConfiguration;
			buildSettings = {
				ASSETCATALOG_COMPILER_APPICON_NAME = AppIcon;
				CODE_SIGN_STYLE = Automatic;
				DEVELOPMENT_TEAM = ZRU74Q6CGE;
				INFOPLIST_FILE = MagicCircle/Info.plist;
				LD_RUNPATH_SEARCH_PATHS = (
					"$(inherited)",
					"@executable_path/Frameworks",
				);
				PRODUCT_BUNDLE_IDENTIFIER = com.github.yycking.MagicCircle;
				PRODUCT_NAME = "$(TARGET_NAME)";
				SWIFT_VERSION = 4.0;
				TARGETED_DEVICE_FAMILY = "1,2";
			};
			name = Release;
		};
/* End XCBuildConfiguration section */

/* Begin XCConfigurationList section */
		AFF11DA920C7EF63004A407E /* Build configuration list for PBXProject "MagicCircle" */ = {
			isa = XCConfigurationList;
			buildConfigurations = (
				AFF11DC420C7EF65004A407E /* Debug */,
				AFF11DC520C7EF65004A407E /* Release */,
			);
			defaultConfigurationIsVisible = 0;
			defaultConfigurationName = Release;
		};
		AFF11DC620C7EF65004A407E /* Build configuration list for PBXNativeTarget "MagicCircle" */ = {
			isa = XCConfigurationList;
			buildConfigurations = (
				AFF11DC720C7EF65004A407E /* Debug */,
				AFF11DC820C7EF65004A407E /* Release */,
			);
			defaultConfigurationIsVisible = 0;
			defaultConfigurationName = Release;
		};
/* End XCConfigurationList section */
	};
	rootObject = AFF11DA620C7EF63004A407E /* Project object */;
}
